
Microsoft Visual Studio Solution File, Format Version 12.00
# Visual Studio Version 16
VisualStudioVersion = 16.0.30804.86
MinimumVisualStudioVersion = 10.0.40219.1
Project("{FAE04EC0-301F-11D3-BF4B-00C04F79EFBC}") = "SalesWebMVC", "SalesWebMVC\SalesWebMVC.csproj", "{50964FD1-BDF6-4C49-9E7E-7C24297AD1D1}"
EndProject
Project("{2150E333-8FDC-42A3-9474-1A3956D46DE8}") = "Solution Items", "Solution Items", "{89CE8BBA-7B63-4596-B777-F64B90083044}"
	ProjectSection(SolutionItems) = preProject
		.editorconfig = .editorconfig
	EndProjectSection
EndProject
Global
	GlobalSection(SolutionConfigurationPlatforms) = preSolution
		Debug|Any CPU = Debug|Any CPU
		Release|Any CPU = Release|Any CPU
	EndGlobalSection
	GlobalSection(ProjectConfigurationPlatforms) = postSolution
		{50964FD1-BDF6-4C49-9E7E-7C24297AD1D1}.Debug|Any CPU.ActiveCfg = Debug|Any CPU
		{50964FD1-BDF6-4C49-9E7E-7C24297AD1D1}.Debug|Any CPU.Build.0 = Debug|Any CPU
		{50964FD1-BDF6-4C49-9E7E-7C24297AD1D1}.Release|Any CPU.ActiveCfg = Release|Any CPU
		{50964FD1-BDF6-4C49-9E7E-7C24297AD1D1}.Release|Any CPU.Build.0 = Release|Any CPU
	EndGlobalSection
	GlobalSection(SolutionProperties) = preSolution
		HideSolutionNode = FALSE
	EndGlobalSection
	GlobalSection(ExtensibilityGlobals) = postSolution
		SolutionGuid = {DD49946B-5B22-4703-8307-1B58DBF11AC6}
	EndGlobalSection
EndGlobal
